
Microsoft Visual Studio Solution File, Format Version 12.00
# Visual Studio Version 16
VisualStudioVersion = 16.0.31205.134
MinimumVisualStudioVersion = 10.0.40219.1
Project("{FAE04EC0-301F-11D3-BF4B-00C04F79EFBC}") = "QueueImplementation", "QueueImplementation.csproj", "{1831FB12-4BFC-4FF8-BD21-6D09DDD73644}"
EndProject
Project("{FAE04EC0-301F-11D3-BF4B-00C04F79EFBC}") = "QueueImplementationTests", "..\QueueImplementationTests\QueueImplementationTests.csproj", "{A50D3FDB-1B43-41E9-B90B-0468AED0A85A}"
EndProject
Global
	GlobalSection(SolutionConfigurationPlatforms) = preSolution
		Debug|Any CPU = Debug|Any CPU
		Release|Any CPU = Release|Any CPU
	EndGlobalSection
	GlobalSection(ProjectConfigurationPlatforms) = postSolution
		{1831FB12-4BFC-4FF8-BD21-6D09DDD73644}.Debug|Any CPU.ActiveCfg = Debug|Any CPU
		{1831FB12-4BFC-4FF8-BD21-6D09DDD73644}.Debug|Any CPU.Build.0 = Debug|Any CPU
		{1831FB12-4BFC-4FF8-BD21-6D09DDD73644}.Release|Any CPU.ActiveCfg = Release|Any CPU
		{1831FB12-4BFC-4FF8-BD21-6D09DDD73644}.Release|Any CPU.Build.0 = Release|Any CPU
		{A50D3FDB-1B43-41E9-B90B-0468AED0A85A}.Debug|Any CPU.ActiveCfg = Debug|Any CPU
		{A50D3FDB-1B43-41E9-B90B-0468AED0A85A}.Debug|Any CPU.Build.0 = Debug|Any CPU
		{A50D3FDB-1B43-41E9-B90B-0468AED0A85A}.Release|Any CPU.ActiveCfg = Release|Any CPU
		{A50D3FDB-1B43-41E9-B90B-0468AED0A85A}.Release|Any CPU.Build.0 = Release|Any CPU
	EndGlobalSection
	GlobalSection(SolutionProperties) = preSolution
		HideSolutionNode = FALSE
	EndGlobalSection
	GlobalSection(ExtensibilityGlobals) = postSolution
		SolutionGuid = {7F3ABE8E-EC79-44FB-99B3-CAC15997DA09}
	EndGlobalSection
EndGlobal
