
Microsoft Visual Studio Solution File, Format Version 12.00
# Visual Studio Version 16
VisualStudioVersion = 16.0.31205.134
MinimumVisualStudioVersion = 10.0.40219.1
Project("{FAE04EC0-301F-11D3-BF4B-00C04F79EFBC}") = "DesignPatterns1", "DesignPatterns1.csproj", "{869F37E0-2D51-4892-A346-3319B61A0B4F}"
EndProject
Project("{FAE04EC0-301F-11D3-BF4B-00C04F79EFBC}") = "DesignPatterns1Tests", "..\DesignPatterns1Tests\DesignPatterns1Tests.csproj", "{1D110DCA-2DD3-41CA-97F2-831383526B56}"
EndProject
Global
	GlobalSection(SolutionConfigurationPlatforms) = preSolution
		Debug|Any CPU = Debug|Any CPU
		Release|Any CPU = Release|Any CPU
	EndGlobalSection
	GlobalSection(ProjectConfigurationPlatforms) = postSolution
		{869F37E0-2D51-4892-A346-3319B61A0B4F}.Debug|Any CPU.ActiveCfg = Debug|Any CPU
		{869F37E0-2D51-4892-A346-3319B61A0B4F}.Debug|Any CPU.Build.0 = Debug|Any CPU
		{869F37E0-2D51-4892-A346-3319B61A0B4F}.Release|Any CPU.ActiveCfg = Release|Any CPU
		{869F37E0-2D51-4892-A346-3319B61A0B4F}.Release|Any CPU.Build.0 = Release|Any CPU
		{1D110DCA-2DD3-41CA-97F2-831383526B56}.Debug|Any CPU.ActiveCfg = Debug|Any CPU
		{1D110DCA-2DD3-41CA-97F2-831383526B56}.Debug|Any CPU.Build.0 = Debug|Any CPU
		{1D110DCA-2DD3-41CA-97F2-831383526B56}.Release|Any CPU.ActiveCfg = Release|Any CPU
		{1D110DCA-2DD3-41CA-97F2-831383526B56}.Release|Any CPU.Build.0 = Release|Any CPU
	EndGlobalSection
	GlobalSection(SolutionProperties) = preSolution
		HideSolutionNode = FALSE
	EndGlobalSection
	GlobalSection(ExtensibilityGlobals) = postSolution
		SolutionGuid = {94C50217-BFDD-48E8-B0EC-D32114217D67}
	EndGlobalSection
EndGlobal
