
Microsoft Visual Studio Solution File, Format Version 12.00
# Visual Studio Version 16
VisualStudioVersion = 16.0.31205.134
MinimumVisualStudioVersion = 10.0.40219.1
Project("{FAE04EC0-301F-11D3-BF4B-00C04F79EFBC}") = "SortByName", "SortByName.csproj", "{82E6462A-B4A9-4CAC-B849-F2E26143123B}"
EndProject
Global
	GlobalSection(SolutionConfigurationPlatforms) = preSolution
		Debug|Any CPU = Debug|Any CPU
		Release|Any CPU = Release|Any CPU
	EndGlobalSection
	GlobalSection(ProjectConfigurationPlatforms) = postSolution
		{82E6462A-B4A9-4CAC-B849-F2E26143123B}.Debug|Any CPU.ActiveCfg = Debug|Any CPU
		{82E6462A-B4A9-4CAC-B849-F2E26143123B}.Debug|Any CPU.Build.0 = Debug|Any CPU
		{82E6462A-B4A9-4CAC-B849-F2E26143123B}.Release|Any CPU.ActiveCfg = Release|Any CPU
		{82E6462A-B4A9-4CAC-B849-F2E26143123B}.Release|Any CPU.Build.0 = Release|Any CPU
	EndGlobalSection
	GlobalSection(SolutionProperties) = preSolution
		HideSolutionNode = FALSE
	EndGlobalSection
	GlobalSection(ExtensibilityGlobals) = postSolution
		SolutionGuid = {BB1534AE-5D6D-4312-AC1F-7D1C6FCBCB47}
	EndGlobalSection
EndGlobal
